
Microsoft Visual Studio Solution File, Format Version 12.00
# Visual Studio Version 16
VisualStudioVersion = 16.0.32228.343
MinimumVisualStudioVersion = 10.0.40219.1
Project("{FAE04EC0-301F-11D3-BF4B-00C04F79EFBC}") = "BMICalculator", "BMICalculator\BMICalculator.csproj", "{A51596D3-69C9-4BF5-8FC3-D967D18540A5}"
EndProject
Global
	GlobalSection(SolutionConfigurationPlatforms) = preSolution
		Debug|Any CPU = Debug|Any CPU
		Release|Any CPU = Release|Any CPU
	EndGlobalSection
	GlobalSection(ProjectConfigurationPlatforms) = postSolution
		{A51596D3-69C9-4BF5-8FC3-D967D18540A5}.Debug|Any CPU.ActiveCfg = Debug|Any CPU
		{A51596D3-69C9-4BF5-8FC3-D967D18540A5}.Debug|Any CPU.Build.0 = Debug|Any CPU
		{A51596D3-69C9-4BF5-8FC3-D967D18540A5}.Release|Any CPU.ActiveCfg = Release|Any CPU
		{A51596D3-69C9-4BF5-8FC3-D967D18540A5}.Release|Any CPU.Build.0 = Release|Any CPU
	EndGlobalSection
	GlobalSection(SolutionProperties) = preSolution
		HideSolutionNode = FALSE
	EndGlobalSection
	GlobalSection(ExtensibilityGlobals) = postSolution
		SolutionGuid = {3B2FF634-C366-4526-B99E-F0588930EED5}
	EndGlobalSection
EndGlobal
